
Microsoft Visual Studio Solution File, Format Version 12.00
# Visual Studio Version 16
VisualStudioVersion = 16.0.32126.315
MinimumVisualStudioVersion = 10.0.40219.1
Project("{8BC9CEB8-8B4A-11D0-8D11-00A0C91BC942}") = "ProjectCtream", "ProjectCtream.vcxproj", "{5299AEE4-D750-4D52-A4B4-1BB1B18708AB}"
EndProject
Project("{8BC9CEB8-8B4A-11D0-8D11-00A0C91BC942}") = "ProjectCteamTest", "..\ProjectCteamTest\ProjectCteamTest.vcxproj", "{530DAC32-2357-448B-8957-85BDC0716867}"
EndProject
Global
	GlobalSection(SolutionConfigurationPlatforms) = preSolution
		Debug|x64 = Debug|x64
		Debug|x86 = Debug|x86
		Release|x64 = Release|x64
		Release|x86 = Release|x86
	EndGlobalSection
	GlobalSection(ProjectConfigurationPlatforms) = postSolution
		{5299AEE4-D750-4D52-A4B4-1BB1B18708AB}.Debug|x64.ActiveCfg = Debug|x64
		{5299AEE4-D750-4D52-A4B4-1BB1B18708AB}.Debug|x64.Build.0 = Debug|x64
		{5299AEE4-D750-4D52-A4B4-1BB1B18708AB}.Debug|x86.ActiveCfg = Debug|Win32
		{5299AEE4-D750-4D52-A4B4-1BB1B18708AB}.Debug|x86.Build.0 = Debug|Win32
		{5299AEE4-D750-4D52-A4B4-1BB1B18708AB}.Release|x64.ActiveCfg = Release|x64
		{5299AEE4-D750-4D52-A4B4-1BB1B18708AB}.Release|x64.Build.0 = Release|x64
		{5299AEE4-D750-4D52-A4B4-1BB1B18708AB}.Release|x86.ActiveCfg = Release|Win32
		{5299AEE4-D750-4D52-A4B4-1BB1B18708AB}.Release|x86.Build.0 = Release|Win32
		{530DAC32-2357-448B-8957-85BDC0716867}.Debug|x64.ActiveCfg = Debug|x64
		{530DAC32-2357-448B-8957-85BDC0716867}.Debug|x64.Build.0 = Debug|x64
		{530DAC32-2357-448B-8957-85BDC0716867}.Debug|x86.ActiveCfg = Debug|Win32
		{530DAC32-2357-448B-8957-85BDC0716867}.Debug|x86.Build.0 = Debug|Win32
		{530DAC32-2357-448B-8957-85BDC0716867}.Release|x64.ActiveCfg = Release|x64
		{530DAC32-2357-448B-8957-85BDC0716867}.Release|x64.Build.0 = Release|x64
		{530DAC32-2357-448B-8957-85BDC0716867}.Release|x86.ActiveCfg = Release|Win32
		{530DAC32-2357-448B-8957-85BDC0716867}.Release|x86.Build.0 = Release|Win32
	EndGlobalSection
	GlobalSection(SolutionProperties) = preSolution
		HideSolutionNode = FALSE
	EndGlobalSection
	GlobalSection(ExtensibilityGlobals) = postSolution
		SolutionGuid = {07427D0A-9E1E-499E-A2F6-A227B58D5E40}
	EndGlobalSection
EndGlobal
